
Microsoft Visual Studio Solution File, Format Version 12.00
# Visual Studio Version 17
VisualStudioVersion = 17.0.31912.275
MinimumVisualStudioVersion = 10.0.40219.1
Project("{FAE04EC0-301F-11D3-BF4B-00C04F79EFBC}") = "SemanticColorTest", "SemanticColorTest\SemanticColorTest.csproj", "{848FE40A-741F-44F0-9D04-86DDFD3A2C1B}"
EndProject
Global
	GlobalSection(SolutionConfigurationPlatforms) = preSolution
		Debug|Any CPU = Debug|Any CPU
		Release|Any CPU = Release|Any CPU
	EndGlobalSection
	GlobalSection(ProjectConfigurationPlatforms) = postSolution
		{848FE40A-741F-44F0-9D04-86DDFD3A2C1B}.Debug|Any CPU.ActiveCfg = Debug|Any CPU
		{848FE40A-741F-44F0-9D04-86DDFD3A2C1B}.Debug|Any CPU.Build.0 = Debug|Any CPU
		{848FE40A-741F-44F0-9D04-86DDFD3A2C1B}.Release|Any CPU.ActiveCfg = Release|Any CPU
		{848FE40A-741F-44F0-9D04-86DDFD3A2C1B}.Release|Any CPU.Build.0 = Release|Any CPU
	EndGlobalSection
	GlobalSection(SolutionProperties) = preSolution
		HideSolutionNode = FALSE
	EndGlobalSection
	GlobalSection(ExtensibilityGlobals) = postSolution
		SolutionGuid = {FF19CB40-B5C5-49AD-80E5-217029A55D91}
	EndGlobalSection
EndGlobal
